// !$*UTF8*$!
{
	archiveVersion = 1;
	classes = {
	};
	objectVersion = 50;
	objects = {

/* Begin PBXBuildFile section */
		CE94422526F4BD2A0003AC30 /* SwiftUIView.swift in Sources */ = {isa = PBXBuildFile; fileRef = CE94422426F4BD2A0003AC30 /* SwiftUIView.swift */; };
		CE94422826F4C5810003AC30 /* SwiftUIViewTwo.swift in Sources */ = {isa = PBXBuildFile; fileRef = CE94422726F4C5810003AC30 /* SwiftUIViewTwo.swift */; };
		CEA29B3926F372F800CCA573 /* AppDelegate.swift in Sources */ = {isa = PBXBuildFile; fileRef = CEA29B3826F372F800CCA573 /* AppDelegate.swift */; };
		CEA29B3B26F372F800CCA573 /* SceneDelegate.swift in Sources */ = {isa = PBXBuildFile; fileRef = CEA29B3A26F372F800CCA573 /* SceneDelegate.swift */; };
		CEA29B3D26F372F800CCA573 /* ContentView.swift in Sources */ = {isa = PBXBuildFile; fileRef = CEA29B3C26F372F800CCA573 /* ContentView.swift */; };
		CEA29B3F26F372F900CCA573 /* Assets.xcassets in Resources */ = {isa = PBXBuildFile; fileRef = CEA29B3E26F372F900CCA573 /* Assets.xcassets */; };
		CEA29B4226F372F900CCA573 /* Preview Assets.xcassets in Resources */ = {isa = PBXBuildFile; fileRef = CEA29B4126F372F900CCA573 /* Preview Assets.xcassets */; };
		CEA29B4526F372F900CCA573 /* LaunchScreen.storyboard in Resources */ = {isa = PBXBuildFile; fileRef = CEA29B4326F372F900CCA573 /* LaunchScreen.storyboard */; };
/* End PBXBuildFile section */

/* Begin PBXFileReference section */
		CE94422426F4BD2A0003AC30 /* SwiftUIView.swift */ = {isa = PBXFileReference; lastKnownFileType = sourcecode.swift; path = SwiftUIView.swift; sourceTree = "<group>"; };
		CE94422726F4C5810003AC30 /* SwiftUIViewTwo.swift */ = {isa = PBXFileReference; lastKnownFileType = sourcecode.swift; path = SwiftUIViewTwo.swift; sourceTree = "<group>"; };
		CEA29B3526F372F800CCA573 /* projectAnimate.app */ = {isa = PBXFileReference; explicitFileType = wrapper.application; includeInIndex = 0; path = projectAnimate.app; sourceTree = BUILT_PRODUCTS_DIR; };
		CEA29B3826F372F800CCA573 /* AppDelegate.swift */ = {isa = PBXFileReference; lastKnownFileType = sourcecode.swift; path = AppDelegate.swift; sourceTree = "<group>"; };
		CEA29B3A26F372F800CCA573 /* SceneDelegate.swift */ = {isa = PBXFileReference; lastKnownFileType = sourcecode.swift; path = SceneDelegate.swift; sourceTree = "<group>"; };
		CEA29B3C26F372F800CCA573 /* ContentView.swift */ = {isa = PBXFileReference; lastKnownFileType = sourcecode.swift; path = ContentView.swift; sourceTree = "<group>"; };
		CEA29B3E26F372F900CCA573 /* Assets.xcassets */ = {isa = PBXFileReference; lastKnownFileType = folder.assetcatalog; path = Assets.xcassets; sourceTree = "<group>"; };
		CEA29B4126F372F900CCA573 /* Preview Assets.xcassets */ = {isa = PBXFileReference; lastKnownFileType = folder.assetcatalog; path = "Preview Assets.xcassets"; sourceTree = "<group>"; };
		CEA29B4426F372F900CCA573 /* Base */ = {isa = PBXFileReference; lastKnownFileType = file.storyboard; name = Base; path = Base.lproj/LaunchScreen.storyboard; sourceTree = "<group>"; };
		CEA29B4626F372F900CCA573 /* Info.plist */ = {isa = PBXFileReference; lastKnownFileType = text.plist.xml; path = Info.plist; sourceTree = "<group>"; };
/* End PBXFileReference section */

/* Begin PBXFrameworksBuildPhase section */
		CEA29B3226F372F800CCA573 /* Frameworks */ = {
			isa = PBXFrameworksBuildPhase;
			buildActionMask = 2147483647;
			files = (
			);
			runOnlyForDeploymentPostprocessing = 0;
		};
/* End PBXFrameworksBuildPhase section */

/* Begin PBXGroup section */
		CEA29B2C26F372F800CCA573 = {
			isa = PBXGroup;
			children = (
				CEA29B3726F372F800CCA573 /* projectAnimate */,
				CEA29B3626F372F800CCA573 /* Products */,
			);
			sourceTree = "<group>";
		};
		CEA29B3626F372F800CCA573 /* Products */ = {
			isa = PBXGroup;
			children = (
				CEA29B3526F372F800CCA573 /* projectAnimate.app */,
			);
			name = Products;
			sourceTree = "<group>";
		};
		CEA29B3726F372F800CCA573 /* projectAnimate */ = {
			isa = PBXGroup;
			children = (
				CEA29B3826F372F800CCA573 /* AppDelegate.swift */,
				CEA29B3A26F372F800CCA573 /* SceneDelegate.swift */,
				CEA29B3C26F372F800CCA573 /* ContentView.swift */,
				CE94422426F4BD2A0003AC30 /* SwiftUIView.swift */,
				CE94422726F4C5810003AC30 /* SwiftUIViewTwo.swift */,
				CEA29B3E26F372F900CCA573 /* Assets.xcassets */,
				CEA29B4326F372F900CCA573 /* LaunchScreen.storyboard */,
				CEA29B4626F372F900CCA573 /* Info.plist */,
				CEA29B4026F372F900CCA573 /* Preview Content */,
			);
			path = projectAnimate;
			sourceTree = "<group>";
		};
		CEA29B4026F372F900CCA573 /* Preview Content */ = {
			isa = PBXGroup;
			children = (
				CEA29B4126F372F900CCA573 /* Preview Assets.xcassets */,
			);
			path = "Preview Content";
			sourceTree = "<group>";
		};
/* End PBXGroup section */

/* Begin PBXNativeTarget section */
		CEA29B3426F372F800CCA573 /* projectAnimate */ = {
			isa = PBXNativeTarget;
			buildConfigurationList = CEA29B4926F372F900CCA573 /* Build configuration list for PBXNativeTarget "projectAnimate" */;
			buildPhases = (
				CEA29B3126F372F800CCA573 /* Sources */,
				CEA29B3226F372F800CCA573 /* Frameworks */,
				CEA29B3326F372F800CCA573 /* Resources */,
			);
			buildRules = (
			);
			dependencies = (
			);
			name = projectAnimate;
			productName = projectAnimate;
			productReference = CEA29B3526F372F800CCA573 /* projectAnimate.app */;
			productType = "com.apple.product-type.application";
		};
/* End PBXNativeTarget section */

/* Begin PBXProject section */
		CEA29B2D26F372F800CCA573 /* Project object */ = {
			isa = PBXProject;
			attributes = {
				LastSwiftUpdateCheck = 1240;
				LastUpgradeCheck = 1240;
				TargetAttributes = {
					CEA29B3426F372F800CCA573 = {
						CreatedOnToolsVersion = 12.4;
					};
				};
			};
			buildConfigurationList = CEA29B3026F372F800CCA573 /* Build configuration list for PBXProject "projectAnimate" */;
			compatibilityVersion = "Xcode 9.3";
			developmentRegion = en;
			hasScannedForEncodings = 0;
			knownRegions = (
				en,
				Base,
			);
			mainGroup = CEA29B2C26F372F800CCA573;
			productRefGroup = CEA29B3626F372F800CCA573 /* Products */;
			projectDirPath = "";
			projectRoot = "";
			targets = (
				CEA29B3426F372F800CCA573 /* projectAnimate */,
			);
		};
/* End PBXProject section */

/* Begin PBXResourcesBuildPhase section */
		CEA29B3326F372F800CCA573 /* Resources */ = {
			isa = PBXResourcesBuildPhase;
			buildActionMask = 2147483647;
			files = (
				CEA29B4526F372F900CCA573 /* LaunchScreen.storyboard in Resources */,
				CEA29B4226F372F900CCA573 /* Preview Assets.xcassets in Resources */,
				CEA29B3F26F372F900CCA573 /* Assets.xcassets in Resources */,
			);
			runOnlyForDeploymentPostprocessing = 0;
		};
/* End PBXResourcesBuildPhase section */

/* Begin PBXSourcesBuildPhase section */
		CEA29B3126F372F800CCA573 /* Sources */ = {
			isa = PBXSourcesBuildPhase;
			buildActionMask = 2147483647;
			files = (
				CEA29B3926F372F800CCA573 /* AppDelegate.swift in Sources */,
				CEA29B3B26F372F800CCA573 /* SceneDelegate.swift in Sources */,
				CE94422526F4BD2A0003AC30 /* SwiftUIView.swift in Sources */,
				CEA29B3D26F372F800CCA573 /* ContentView.swift in Sources */,
				CE94422826F4C5810003AC30 /* SwiftUIViewTwo.swift in Sources */,
			);
			runOnlyForDeploymentPostprocessing = 0;
		};
/* End PBXSourcesBuildPhase section */

/* Begin PBXVariantGroup section */
		CEA29B4326F372F900CCA573 /* LaunchScreen.storyboard */ = {
			isa = PBXVariantGroup;
			children = (
				CEA29B4426F372F900CCA573 /* Base */,
			);
			name = LaunchScreen.storyboard;
			sourceTree = "<group>";
		};
/* End PBXVariantGroup section */

/* Begin XCBuildConfiguration section */
		CEA29B4726F372F900CCA573 /* Debug */ = {
			isa = XCBuildConfiguration;
			buildSettings = {
				ALWAYS_SEARCH_USER_PATHS = NO;
				CLANG_ANALYZER_NONNULL = YES;
				CLANG_ANALYZER_NUMBER_OBJECT_CONVERSION = YES_AGGRESSIVE;
				CLANG_CXX_LANGUAGE_STANDARD = "gnu++14";
				CLANG_CXX_LIBRARY = "libc++";
				CLANG_ENABLE_MODULES = YES;
				CLANG_ENABLE_OBJC_ARC = YES;
				CLANG_ENABLE_OBJC_WEAK = YES;
				CLANG_WARN_BLOCK_CAPTURE_AUTORELEASING = YES;
				CLANG_WARN_BOOL_CONVERSION = YES;
				CLANG_WARN_COMMA = YES;
				CLANG_WARN_CONSTANT_CONVERSION = YES;
				CLANG_WARN_DEPRECATED_OBJC_IMPLEMENTATIONS = YES;
				CLANG_WARN_DIRECT_OBJC_ISA_USAGE = YES_ERROR;
				CLANG_WARN_DOCUMENTATION_COMMENTS = YES;
				CLANG_WARN_EMPTY_BODY = YES;
				CLANG_WARN_ENUM_CONVERSION = YES;
				CLANG_WARN_INFINITE_RECURSION = YES;
				CLANG_WARN_INT_CONVERSION = YES;
				CLANG_WARN_NON_LITERAL_NULL_CONVERSION = YES;
				CLANG_WARN_OBJC_IMPLICIT_RETAIN_SELF = YES;
				CLANG_WARN_OBJC_LITERAL_CONVERSION = YES;
				CLANG_WARN_OBJC_ROOT_CLASS = YES_ERROR;
				CLANG_WARN_QUOTED_INCLUDE_IN_FRAMEWORK_HEADER = YES;
				CLANG_WARN_RANGE_LOOP_ANALYSIS = YES;
				CLANG_WARN_STRICT_PROTOTYPES = YES;
				CLANG_WARN_SUSPICIOUS_MOVE = YES;
				CLANG_WARN_UNGUARDED_AVAILABILITY = YES_AGGRESSIVE;
				CLANG_WARN_UNREACHABLE_CODE = YES;
				CLANG_WARN__DUPLICATE_METHOD_MATCH = YES;
				COPY_PHASE_STRIP = NO;
				DEBUG_INFORMATION_FORMAT = dwarf;
				ENABLE_STRICT_OBJC_MSGSEND = YES;
				ENABLE_TESTABILITY = YES;
				GCC_C_LANGUAGE_STANDARD = gnu11;
				GCC_DYNAMIC_NO_PIC = NO;
				GCC_NO_COMMON_BLOCKS = YES;
				GCC_OPTIMIZATION_LEVEL = 0;
				GCC_PREPROCESSOR_DEFINITIONS = (
					"DEBUG=1",
					"$(inherited)",
				);
				GCC_WARN_64_TO_32_BIT_CONVERSION = YES;
				GCC_WARN_ABOUT_RETURN_TYPE = YES_ERROR;
				GCC_WARN_UNDECLARED_SELECTOR = YES;
				GCC_WARN_UNINITIALIZED_AUTOS = YES_AGGRESSIVE;
				GCC_WARN_UNUSED_FUNCTION = YES;
				GCC_WARN_UNUSED_VARIABLE = YES;
				IPHONEOS_DEPLOYMENT_TARGET = 14.4;
				MTL_ENABLE_DEBUG_INFO = INCLUDE_SOURCE;
				MTL_FAST_MATH = YES;
				ONLY_ACTIVE_ARCH = YES;
				SDKROOT = iphoneos;
				SWIFT_ACTIVE_COMPILATION_CONDITIONS = DEBUG;
				SWIFT_OPTIMIZATION_LEVEL = "-Onone";
			};
			name = Debug;
		};
		CEA29B4826F372F900CCA573 /* Release */ = {
			isa = XCBuildConfiguration;
			buildSettings = {
				ALWAYS_SEARCH_USER_PATHS = NO;
				CLANG_ANALYZER_NONNULL = YES;
				CLANG_ANALYZER_NUMBER_OBJECT_CONVERSION = YES_AGGRESSIVE;
				CLANG_CXX_LANGUAGE_STANDARD = "gnu++14";
				CLANG_CXX_LIBRARY = "libc++";
				CLANG_ENABLE_MODULES = YES;
				CLANG_ENABLE_OBJC_ARC = YES;
				CLANG_ENABLE_OBJC_WEAK = YES;
				CLANG_WARN_BLOCK_CAPTURE_AUTORELEASING = YES;
				CLANG_WARN_BOOL_CONVERSION = YES;
				CLANG_WARN_COMMA = YES;
				CLANG_WARN_CONSTANT_CONVERSION = YES;
				CLANG_WARN_DEPRECATED_OBJC_IMPLEMENTATIONS = YES;
				CLANG_WARN_DIRECT_OBJC_ISA_USAGE = YES_ERROR;
				CLANG_WARN_DOCUMENTATION_COMMENTS = YES;
				CLANG_WARN_EMPTY_BODY = YES;
				CLANG_WARN_ENUM_CONVERSION = YES;
				CLANG_WARN_INFINITE_RECURSION = YES;
				CLANG_WARN_INT_CONVERSION = YES;
				CLANG_WARN_NON_LITERAL_NULL_CONVERSION = YES;
				CLANG_WARN_OBJC_IMPLICIT_RETAIN_SELF = YES;
				CLANG_WARN_OBJC_LITERAL_CONVERSION = YES;
				CLANG_WARN_OBJC_ROOT_CLASS = YES_ERROR;
				CLANG_WARN_QUOTED_INCLUDE_IN_FRAMEWORK_HEADER = YES;
				CLANG_WARN_RANGE_LOOP_ANALYSIS = YES;
				CLANG_WARN_STRICT_PROTOTYPES = YES;
				CLANG_WARN_SUSPICIOUS_MOVE = YES;
				CLANG_WARN_UNGUARDED_AVAILABILITY = YES_AGGRESSIVE;
				CLANG_WARN_UNREACHABLE_CODE = YES;
				CLANG_WARN__DUPLICATE_METHOD_MATCH = YES;
				COPY_PHASE_STRIP = NO;
				DEBUG_INFORMATION_FORMAT = "dwarf-with-dsym";
				ENABLE_NS_ASSERTIONS = NO;
				ENABLE_STRICT_OBJC_MSGSEND = YES;
				GCC_C_LANGUAGE_STANDARD = gnu11;
				GCC_NO_COMMON_BLOCKS = YES;
				GCC_WARN_64_TO_32_BIT_CONVERSION = YES;
				GCC_WARN_ABOUT_RETURN_TYPE = YES_ERROR;
				GCC_WARN_UNDECLARED_SELECTOR = YES;
				GCC_WARN_UNINITIALIZED_AUTOS = YES_AGGRESSIVE;
				GCC_WARN_UNUSED_FUNCTION = YES;
				GCC_WARN_UNUSED_VARIABLE = YES;
				IPHONEOS_DEPLOYMENT_TARGET = 14.4;
				MTL_ENABLE_DEBUG_INFO = NO;
				MTL_FAST_MATH = YES;
				SDKROOT = iphoneos;
				SWIFT_COMPILATION_MODE = wholemodule;
				SWIFT_OPTIMIZATION_LEVEL = "-O";
				VALIDATE_PRODUCT = YES;
			};
			name = Release;
		};
		CEA29B4A26F372F900CCA573 /* Debug */ = {
			isa = XCBuildConfiguration;
			buildSettings = {
				ASSETCATALOG_COMPILER_APPICON_NAME = AppIcon;
				ASSETCATALOG_COMPILER_GLOBAL_ACCENT_COLOR_NAME = AccentColor;
				CODE_SIGN_STYLE = Automatic;
				DEVELOPMENT_ASSET_PATHS = "\"projectAnimate/Preview Content\"";
				ENABLE_PREVIEWS = YES;
				INFOPLIST_FILE = projectAnimate/Info.plist;
				LD_RUNPATH_SEARCH_PATHS = (
					"$(inherited)",
					"@executable_path/Frameworks",
				);
				PRODUCT_BUNDLE_IDENTIFIER = gyseliya.projectAnimate;
				PRODUCT_NAME = "$(TARGET_NAME)";
				SWIFT_VERSION = 5.0;
				TARGETED_DEVICE_FAMILY = "1,2";
			};
			name = Debug;
		};
		CEA29B4B26F372F900CCA573 /* Release */ = {
			isa = XCBuildConfiguration;
			buildSettings = {
				ASSETCATALOG_COMPILER_APPICON_NAME = AppIcon;
				ASSETCATALOG_COMPILER_GLOBAL_ACCENT_COLOR_NAME = AccentColor;
				CODE_SIGN_STYLE = Automatic;
				DEVELOPMENT_ASSET_PATHS = "\"projectAnimate/Preview Content\"";
				ENABLE_PREVIEWS = YES;
				INFOPLIST_FILE = projectAnimate/Info.plist;
				LD_RUNPATH_SEARCH_PATHS = (
					"$(inherited)",
					"@executable_path/Frameworks",
				);
				PRODUCT_BUNDLE_IDENTIFIER = gyseliya.projectAnimate;
				PRODUCT_NAME = "$(TARGET_NAME)";
				SWIFT_VERSION = 5.0;
				TARGETED_DEVICE_FAMILY = "1,2";
			};
			name = Release;
		};
/* End XCBuildConfiguration section */

/* Begin XCConfigurationList section */
		CEA29B3026F372F800CCA573 /* Build configuration list for PBXProject "projectAnimate" */ = {
			isa = XCConfigurationList;
			buildConfigurations = (
				CEA29B4726F372F900CCA573 /* Debug */,
				CEA29B4826F372F900CCA573 /* Release */,
			);
			defaultConfigurationIsVisible = 0;
			defaultConfigurationName = Release;
		};
		CEA29B4926F372F900CCA573 /* Build configuration list for PBXNativeTarget "projectAnimate" */ = {
			isa = XCConfigurationList;
			buildConfigurations = (
				CEA29B4A26F372F900CCA573 /* Debug */,
				CEA29B4B26F372F900CCA573 /* Release */,
			);
			defaultConfigurationIsVisible = 0;
			defaultConfigurationName = Release;
		};
/* End XCConfigurationList section */
	};
	rootObject = CEA29B2D26F372F800CCA573 /* Project object */;
}
