// !$*UTF8*$!
{
	archiveVersion = 1;
	classes = {
	};
	objectVersion = 50;
	objects = {

/* Begin PBXBuildFile section */
		10502C8B26EF26A900A186F7 /* AppDelegate.swift in Sources */ = {isa = PBXBuildFile; fileRef = 10502C8A26EF26A900A186F7 /* AppDelegate.swift */; };
		10502C8D26EF26A900A186F7 /* SceneDelegate.swift in Sources */ = {isa = PBXBuildFile; fileRef = 10502C8C26EF26A900A186F7 /* SceneDelegate.swift */; };
		10502C8F26EF26A900A186F7 /* Basics.swift in Sources */ = {isa = PBXBuildFile; fileRef = 10502C8E26EF26A900A186F7 /* Basics.swift */; };
		10502C9126EF26AE00A186F7 /* Assets.xcassets in Resources */ = {isa = PBXBuildFile; fileRef = 10502C9026EF26AE00A186F7 /* Assets.xcassets */; };
		10502C9426EF26AE00A186F7 /* Preview Assets.xcassets in Resources */ = {isa = PBXBuildFile; fileRef = 10502C9326EF26AE00A186F7 /* Preview Assets.xcassets */; };
		10502C9726EF26AE00A186F7 /* LaunchScreen.storyboard in Resources */ = {isa = PBXBuildFile; fileRef = 10502C9526EF26AE00A186F7 /* LaunchScreen.storyboard */; };
		10502CA126F0ACC100A186F7 /* Heart.swift in Sources */ = {isa = PBXBuildFile; fileRef = 10502CA026F0ACC100A186F7 /* Heart.swift */; };
		10502CA526F0B4BA00A186F7 /* AutoTextScroll.swift in Sources */ = {isa = PBXBuildFile; fileRef = 10502CA426F0B4BA00A186F7 /* AutoTextScroll.swift */; };
		10502CA926F0C14700A186F7 /* RotateAlongXYZ.swift in Sources */ = {isa = PBXBuildFile; fileRef = 10502CA826F0C14700A186F7 /* RotateAlongXYZ.swift */; };
		10502CAB26F231FD00A186F7 /* ChangeOpacity.swift in Sources */ = {isa = PBXBuildFile; fileRef = 10502CAA26F231FD00A186F7 /* ChangeOpacity.swift */; };
		10502CAD26F232CC00A186F7 /* ChangeLocation.swift in Sources */ = {isa = PBXBuildFile; fileRef = 10502CAC26F232CC00A186F7 /* ChangeLocation.swift */; };
		10502CB526F3353A00A186F7 /* ScaleEffect.swift in Sources */ = {isa = PBXBuildFile; fileRef = 10502CB426F3353A00A186F7 /* ScaleEffect.swift */; };
/* End PBXBuildFile section */

/* Begin PBXFileReference section */
		10502C8726EF26A900A186F7 /* AnimationsForCourses.app */ = {isa = PBXFileReference; explicitFileType = wrapper.application; includeInIndex = 0; path = AnimationsForCourses.app; sourceTree = BUILT_PRODUCTS_DIR; };
		10502C8A26EF26A900A186F7 /* AppDelegate.swift */ = {isa = PBXFileReference; lastKnownFileType = sourcecode.swift; path = AppDelegate.swift; sourceTree = "<group>"; };
		10502C8C26EF26A900A186F7 /* SceneDelegate.swift */ = {isa = PBXFileReference; lastKnownFileType = sourcecode.swift; path = SceneDelegate.swift; sourceTree = "<group>"; };
		10502C8E26EF26A900A186F7 /* Basics.swift */ = {isa = PBXFileReference; lastKnownFileType = sourcecode.swift; path = Basics.swift; sourceTree = "<group>"; };
		10502C9026EF26AE00A186F7 /* Assets.xcassets */ = {isa = PBXFileReference; lastKnownFileType = folder.assetcatalog; path = Assets.xcassets; sourceTree = "<group>"; };
		10502C9326EF26AE00A186F7 /* Preview Assets.xcassets */ = {isa = PBXFileReference; lastKnownFileType = folder.assetcatalog; path = "Preview Assets.xcassets"; sourceTree = "<group>"; };
		10502C9626EF26AE00A186F7 /* Base */ = {isa = PBXFileReference; lastKnownFileType = file.storyboard; name = Base; path = Base.lproj/LaunchScreen.storyboard; sourceTree = "<group>"; };
		10502C9826EF26AE00A186F7 /* Info.plist */ = {isa = PBXFileReference; lastKnownFileType = text.plist.xml; path = Info.plist; sourceTree = "<group>"; };
		10502CA026F0ACC100A186F7 /* Heart.swift */ = {isa = PBXFileReference; lastKnownFileType = sourcecode.swift; path = Heart.swift; sourceTree = "<group>"; };
		10502CA426F0B4BA00A186F7 /* AutoTextScroll.swift */ = {isa = PBXFileReference; lastKnownFileType = sourcecode.swift; path = AutoTextScroll.swift; sourceTree = "<group>"; };
		10502CA826F0C14700A186F7 /* RotateAlongXYZ.swift */ = {isa = PBXFileReference; lastKnownFileType = sourcecode.swift; path = RotateAlongXYZ.swift; sourceTree = "<group>"; };
		10502CAA26F231FD00A186F7 /* ChangeOpacity.swift */ = {isa = PBXFileReference; lastKnownFileType = sourcecode.swift; path = ChangeOpacity.swift; sourceTree = "<group>"; };
		10502CAC26F232CC00A186F7 /* ChangeLocation.swift */ = {isa = PBXFileReference; lastKnownFileType = sourcecode.swift; path = ChangeLocation.swift; sourceTree = "<group>"; };
		10502CB426F3353A00A186F7 /* ScaleEffect.swift */ = {isa = PBXFileReference; lastKnownFileType = sourcecode.swift; path = ScaleEffect.swift; sourceTree = "<group>"; };
/* End PBXFileReference section */

/* Begin PBXFrameworksBuildPhase section */
		10502C8426EF26A900A186F7 /* Frameworks */ = {
			isa = PBXFrameworksBuildPhase;
			buildActionMask = 2147483647;
			files = (
			);
			runOnlyForDeploymentPostprocessing = 0;
		};
/* End PBXFrameworksBuildPhase section */

/* Begin PBXGroup section */
		10502C7E26EF26A900A186F7 = {
			isa = PBXGroup;
			children = (
				10502C8926EF26A900A186F7 /* AnimationsForCourses */,
				10502C8826EF26A900A186F7 /* Products */,
			);
			sourceTree = "<group>";
		};
		10502C8826EF26A900A186F7 /* Products */ = {
			isa = PBXGroup;
			children = (
				10502C8726EF26A900A186F7 /* AnimationsForCourses.app */,
			);
			name = Products;
			sourceTree = "<group>";
		};
		10502C8926EF26A900A186F7 /* AnimationsForCourses */ = {
			isa = PBXGroup;
			children = (
				10502C8A26EF26A900A186F7 /* AppDelegate.swift */,
				10502C8C26EF26A900A186F7 /* SceneDelegate.swift */,
				10502CB426F3353A00A186F7 /* ScaleEffect.swift */,
				10502C8E26EF26A900A186F7 /* Basics.swift */,
				10502CAA26F231FD00A186F7 /* ChangeOpacity.swift */,
				10502CAC26F232CC00A186F7 /* ChangeLocation.swift */,
				10502CA026F0ACC100A186F7 /* Heart.swift */,
				10502CA426F0B4BA00A186F7 /* AutoTextScroll.swift */,
				10502CA826F0C14700A186F7 /* RotateAlongXYZ.swift */,
				10502C9026EF26AE00A186F7 /* Assets.xcassets */,
				10502C9526EF26AE00A186F7 /* LaunchScreen.storyboard */,
				10502C9826EF26AE00A186F7 /* Info.plist */,
				10502C9226EF26AE00A186F7 /* Preview Content */,
			);
			path = AnimationsForCourses;
			sourceTree = "<group>";
		};
		10502C9226EF26AE00A186F7 /* Preview Content */ = {
			isa = PBXGroup;
			children = (
				10502C9326EF26AE00A186F7 /* Preview Assets.xcassets */,
			);
			path = "Preview Content";
			sourceTree = "<group>";
		};
/* End PBXGroup section */

/* Begin PBXNativeTarget section */
		10502C8626EF26A900A186F7 /* AnimationsForCourses */ = {
			isa = PBXNativeTarget;
			buildConfigurationList = 10502C9B26EF26AE00A186F7 /* Build configuration list for PBXNativeTarget "AnimationsForCourses" */;
			buildPhases = (
				10502C8326EF26A900A186F7 /* Sources */,
				10502C8426EF26A900A186F7 /* Frameworks */,
				10502C8526EF26A900A186F7 /* Resources */,
			);
			buildRules = (
			);
			dependencies = (
			);
			name = AnimationsForCourses;
			productName = AnimationsForCourses;
			productReference = 10502C8726EF26A900A186F7 /* AnimationsForCourses.app */;
			productType = "com.apple.product-type.application";
		};
/* End PBXNativeTarget section */

/* Begin PBXProject section */
		10502C7F26EF26A900A186F7 /* Project object */ = {
			isa = PBXProject;
			attributes = {
				LastSwiftUpdateCheck = 1250;
				LastUpgradeCheck = 1250;
				TargetAttributes = {
					10502C8626EF26A900A186F7 = {
						CreatedOnToolsVersion = 12.5.1;
					};
				};
			};
			buildConfigurationList = 10502C8226EF26A900A186F7 /* Build configuration list for PBXProject "AnimationsForCourses" */;
			compatibilityVersion = "Xcode 9.3";
			developmentRegion = en;
			hasScannedForEncodings = 0;
			knownRegions = (
				en,
				Base,
			);
			mainGroup = 10502C7E26EF26A900A186F7;
			productRefGroup = 10502C8826EF26A900A186F7 /* Products */;
			projectDirPath = "";
			projectRoot = "";
			targets = (
				10502C8626EF26A900A186F7 /* AnimationsForCourses */,
			);
		};
/* End PBXProject section */

/* Begin PBXResourcesBuildPhase section */
		10502C8526EF26A900A186F7 /* Resources */ = {
			isa = PBXResourcesBuildPhase;
			buildActionMask = 2147483647;
			files = (
				10502C9726EF26AE00A186F7 /* LaunchScreen.storyboard in Resources */,
				10502C9426EF26AE00A186F7 /* Preview Assets.xcassets in Resources */,
				10502C9126EF26AE00A186F7 /* Assets.xcassets in Resources */,
			);
			runOnlyForDeploymentPostprocessing = 0;
		};
/* End PBXResourcesBuildPhase section */

/* Begin PBXSourcesBuildPhase section */
		10502C8326EF26A900A186F7 /* Sources */ = {
			isa = PBXSourcesBuildPhase;
			buildActionMask = 2147483647;
			files = (
				10502CA126F0ACC100A186F7 /* Heart.swift in Sources */,
				10502C8B26EF26A900A186F7 /* AppDelegate.swift in Sources */,
				10502C8D26EF26A900A186F7 /* SceneDelegate.swift in Sources */,
				10502CB526F3353A00A186F7 /* ScaleEffect.swift in Sources */,
				10502CA526F0B4BA00A186F7 /* AutoTextScroll.swift in Sources */,
				10502CAD26F232CC00A186F7 /* ChangeLocation.swift in Sources */,
				10502CAB26F231FD00A186F7 /* ChangeOpacity.swift in Sources */,
				10502C8F26EF26A900A186F7 /* Basics.swift in Sources */,
				10502CA926F0C14700A186F7 /* RotateAlongXYZ.swift in Sources */,
			);
			runOnlyForDeploymentPostprocessing = 0;
		};
/* End PBXSourcesBuildPhase section */

/* Begin PBXVariantGroup section */
		10502C9526EF26AE00A186F7 /* LaunchScreen.storyboard */ = {
			isa = PBXVariantGroup;
			children = (
				10502C9626EF26AE00A186F7 /* Base */,
			);
			name = LaunchScreen.storyboard;
			sourceTree = "<group>";
		};
/* End PBXVariantGroup section */

/* Begin XCBuildConfiguration section */
		10502C9926EF26AE00A186F7 /* Debug */ = {
			isa = XCBuildConfiguration;
			buildSettings = {
				ALWAYS_SEARCH_USER_PATHS = NO;
				CLANG_ANALYZER_NONNULL = YES;
				CLANG_ANALYZER_NUMBER_OBJECT_CONVERSION = YES_AGGRESSIVE;
				CLANG_CXX_LANGUAGE_STANDARD = "gnu++14";
				CLANG_CXX_LIBRARY = "libc++";
				CLANG_ENABLE_MODULES = YES;
				CLANG_ENABLE_OBJC_ARC = YES;
				CLANG_ENABLE_OBJC_WEAK = YES;
				CLANG_WARN_BLOCK_CAPTURE_AUTORELEASING = YES;
				CLANG_WARN_BOOL_CONVERSION = YES;
				CLANG_WARN_COMMA = YES;
				CLANG_WARN_CONSTANT_CONVERSION = YES;
				CLANG_WARN_DEPRECATED_OBJC_IMPLEMENTATIONS = YES;
				CLANG_WARN_DIRECT_OBJC_ISA_USAGE = YES_ERROR;
				CLANG_WARN_DOCUMENTATION_COMMENTS = YES;
				CLANG_WARN_EMPTY_BODY = YES;
				CLANG_WARN_ENUM_CONVERSION = YES;
				CLANG_WARN_INFINITE_RECURSION = YES;
				CLANG_WARN_INT_CONVERSION = YES;
				CLANG_WARN_NON_LITERAL_NULL_CONVERSION = YES;
				CLANG_WARN_OBJC_IMPLICIT_RETAIN_SELF = YES;
				CLANG_WARN_OBJC_LITERAL_CONVERSION = YES;
				CLANG_WARN_OBJC_ROOT_CLASS = YES_ERROR;
				CLANG_WARN_QUOTED_INCLUDE_IN_FRAMEWORK_HEADER = YES;
				CLANG_WARN_RANGE_LOOP_ANALYSIS = YES;
				CLANG_WARN_STRICT_PROTOTYPES = YES;
				CLANG_WARN_SUSPICIOUS_MOVE = YES;
				CLANG_WARN_UNGUARDED_AVAILABILITY = YES_AGGRESSIVE;
				CLANG_WARN_UNREACHABLE_CODE = YES;
				CLANG_WARN__DUPLICATE_METHOD_MATCH = YES;
				COPY_PHASE_STRIP = NO;
				DEBUG_INFORMATION_FORMAT = dwarf;
				ENABLE_STRICT_OBJC_MSGSEND = YES;
				ENABLE_TESTABILITY = YES;
				GCC_C_LANGUAGE_STANDARD = gnu11;
				GCC_DYNAMIC_NO_PIC = NO;
				GCC_NO_COMMON_BLOCKS = YES;
				GCC_OPTIMIZATION_LEVEL = 0;
				GCC_PREPROCESSOR_DEFINITIONS = (
					"DEBUG=1",
					"$(inherited)",
				);
				GCC_WARN_64_TO_32_BIT_CONVERSION = YES;
				GCC_WARN_ABOUT_RETURN_TYPE = YES_ERROR;
				GCC_WARN_UNDECLARED_SELECTOR = YES;
				GCC_WARN_UNINITIALIZED_AUTOS = YES_AGGRESSIVE;
				GCC_WARN_UNUSED_FUNCTION = YES;
				GCC_WARN_UNUSED_VARIABLE = YES;
				IPHONEOS_DEPLOYMENT_TARGET = 14.5;
				MTL_ENABLE_DEBUG_INFO = INCLUDE_SOURCE;
				MTL_FAST_MATH = YES;
				ONLY_ACTIVE_ARCH = YES;
				SDKROOT = iphoneos;
				SWIFT_ACTIVE_COMPILATION_CONDITIONS = DEBUG;
				SWIFT_OPTIMIZATION_LEVEL = "-Onone";
			};
			name = Debug;
		};
		10502C9A26EF26AE00A186F7 /* Release */ = {
			isa = XCBuildConfiguration;
			buildSettings = {
				ALWAYS_SEARCH_USER_PATHS = NO;
				CLANG_ANALYZER_NONNULL = YES;
				CLANG_ANALYZER_NUMBER_OBJECT_CONVERSION = YES_AGGRESSIVE;
				CLANG_CXX_LANGUAGE_STANDARD = "gnu++14";
				CLANG_CXX_LIBRARY = "libc++";
				CLANG_ENABLE_MODULES = YES;
				CLANG_ENABLE_OBJC_ARC = YES;
				CLANG_ENABLE_OBJC_WEAK = YES;
				CLANG_WARN_BLOCK_CAPTURE_AUTORELEASING = YES;
				CLANG_WARN_BOOL_CONVERSION = YES;
				CLANG_WARN_COMMA = YES;
				CLANG_WARN_CONSTANT_CONVERSION = YES;
				CLANG_WARN_DEPRECATED_OBJC_IMPLEMENTATIONS = YES;
				CLANG_WARN_DIRECT_OBJC_ISA_USAGE = YES_ERROR;
				CLANG_WARN_DOCUMENTATION_COMMENTS = YES;
				CLANG_WARN_EMPTY_BODY = YES;
				CLANG_WARN_ENUM_CONVERSION = YES;
				CLANG_WARN_INFINITE_RECURSION = YES;
				CLANG_WARN_INT_CONVERSION = YES;
				CLANG_WARN_NON_LITERAL_NULL_CONVERSION = YES;
				CLANG_WARN_OBJC_IMPLICIT_RETAIN_SELF = YES;
				CLANG_WARN_OBJC_LITERAL_CONVERSION = YES;
				CLANG_WARN_OBJC_ROOT_CLASS = YES_ERROR;
				CLANG_WARN_QUOTED_INCLUDE_IN_FRAMEWORK_HEADER = YES;
				CLANG_WARN_RANGE_LOOP_ANALYSIS = YES;
				CLANG_WARN_STRICT_PROTOTYPES = YES;
				CLANG_WARN_SUSPICIOUS_MOVE = YES;
				CLANG_WARN_UNGUARDED_AVAILABILITY = YES_AGGRESSIVE;
				CLANG_WARN_UNREACHABLE_CODE = YES;
				CLANG_WARN__DUPLICATE_METHOD_MATCH = YES;
				COPY_PHASE_STRIP = NO;
				DEBUG_INFORMATION_FORMAT = "dwarf-with-dsym";
				ENABLE_NS_ASSERTIONS = NO;
				ENABLE_STRICT_OBJC_MSGSEND = YES;
				GCC_C_LANGUAGE_STANDARD = gnu11;
				GCC_NO_COMMON_BLOCKS = YES;
				GCC_WARN_64_TO_32_BIT_CONVERSION = YES;
				GCC_WARN_ABOUT_RETURN_TYPE = YES_ERROR;
				GCC_WARN_UNDECLARED_SELECTOR = YES;
				GCC_WARN_UNINITIALIZED_AUTOS = YES_AGGRESSIVE;
				GCC_WARN_UNUSED_FUNCTION = YES;
				GCC_WARN_UNUSED_VARIABLE = YES;
				IPHONEOS_DEPLOYMENT_TARGET = 14.5;
				MTL_ENABLE_DEBUG_INFO = NO;
				MTL_FAST_MATH = YES;
				SDKROOT = iphoneos;
				SWIFT_COMPILATION_MODE = wholemodule;
				SWIFT_OPTIMIZATION_LEVEL = "-O";
				VALIDATE_PRODUCT = YES;
			};
			name = Release;
		};
		10502C9C26EF26AE00A186F7 /* Debug */ = {
			isa = XCBuildConfiguration;
			buildSettings = {
				ASSETCATALOG_COMPILER_APPICON_NAME = AppIcon;
				ASSETCATALOG_COMPILER_GLOBAL_ACCENT_COLOR_NAME = AccentColor;
				CODE_SIGN_STYLE = Automatic;
				DEVELOPMENT_ASSET_PATHS = "\"AnimationsForCourses/Preview Content\"";
				ENABLE_PREVIEWS = YES;
				INFOPLIST_FILE = AnimationsForCourses/Info.plist;
				IPHONEOS_DEPLOYMENT_TARGET = 14.4;
				LD_RUNPATH_SEARCH_PATHS = (
					"$(inherited)",
					"@executable_path/Frameworks",
				);
				PRODUCT_BUNDLE_IDENTIFIER = test.AnimationsForCourses;
				PRODUCT_NAME = "$(TARGET_NAME)";
				SWIFT_VERSION = 5.0;
				TARGETED_DEVICE_FAMILY = "1,2";
			};
			name = Debug;
		};
		10502C9D26EF26AE00A186F7 /* Release */ = {
			isa = XCBuildConfiguration;
			buildSettings = {
				ASSETCATALOG_COMPILER_APPICON_NAME = AppIcon;
				ASSETCATALOG_COMPILER_GLOBAL_ACCENT_COLOR_NAME = AccentColor;
				CODE_SIGN_STYLE = Automatic;
				DEVELOPMENT_ASSET_PATHS = "\"AnimationsForCourses/Preview Content\"";
				ENABLE_PREVIEWS = YES;
				INFOPLIST_FILE = AnimationsForCourses/Info.plist;
				IPHONEOS_DEPLOYMENT_TARGET = 14.4;
				LD_RUNPATH_SEARCH_PATHS = (
					"$(inherited)",
					"@executable_path/Frameworks",
				);
				PRODUCT_BUNDLE_IDENTIFIER = test.AnimationsForCourses;
				PRODUCT_NAME = "$(TARGET_NAME)";
				SWIFT_VERSION = 5.0;
				TARGETED_DEVICE_FAMILY = "1,2";
			};
			name = Release;
		};
/* End XCBuildConfiguration section */

/* Begin XCConfigurationList section */
		10502C8226EF26A900A186F7 /* Build configuration list for PBXProject "AnimationsForCourses" */ = {
			isa = XCConfigurationList;
			buildConfigurations = (
				10502C9926EF26AE00A186F7 /* Debug */,
				10502C9A26EF26AE00A186F7 /* Release */,
			);
			defaultConfigurationIsVisible = 0;
			defaultConfigurationName = Release;
		};
		10502C9B26EF26AE00A186F7 /* Build configuration list for PBXNativeTarget "AnimationsForCourses" */ = {
			isa = XCConfigurationList;
			buildConfigurations = (
				10502C9C26EF26AE00A186F7 /* Debug */,
				10502C9D26EF26AE00A186F7 /* Release */,
			);
			defaultConfigurationIsVisible = 0;
			defaultConfigurationName = Release;
		};
/* End XCConfigurationList section */
	};
	rootObject = 10502C7F26EF26A900A186F7 /* Project object */;
}
